{
	"name": "kintone-plugins",
	"lockfileVersion": 3,
	"requires": true,
	"packages": {
		"": {
			"name": "kintone-plugins",
			"license": "UNLICENSED",
			"workspaces": [
				"packages/export-form-fields"
			]
		},
		"node_modules/export-form-fields": {
			"resolved": "packages/export-form-fields",
			"link": true
		},
		"packages/export-form-fields": {
			"version": "1.0.0",
			"license": "ISC"
		}
	}
}
